// !$*UTF8*$!
{
	archiveVersion = 1;
	classes = {
	};
	objectVersion = 46;
	objects = {

/* Begin PBXBuildFile section */
		1C29A37F16D18D83009524BE /* TGPlatform.m in Sources */ = {isa = PBXBuildFile; fileRef = 1C29A37E16D18D83009524BE /* TGPlatform.m */; };
		1C29A38716D1A6F6009524BE /* TGGame.m in Sources */ = {isa = PBXBuildFile; fileRef = 1C29A38616D1A6F6009524BE /* TGGame.m */; };
		1C29A38B16D1A766009524BE /* TGGameTableViewController.m in Sources */ = {isa = PBXBuildFile; fileRef = 1C29A38916D1A766009524BE /* TGGameTableViewController.m */; };
		1C29A38C16D1A766009524BE /* TGGameTableViewController.xib in Resources */ = {isa = PBXBuildFile; fileRef = 1C29A38A16D1A766009524BE /* TGGameTableViewController.xib */; };
		1C52A1C616E40C7B0027979A /* TGLoginViewController.m in Sources */ = {isa = PBXBuildFile; fileRef = 1C52A1C416E40C7B0027979A /* TGLoginViewController.m */; };
		1C52A1C716E40C7B0027979A /* TGLoginViewController.xib in Resources */ = {isa = PBXBuildFile; fileRef = 1C52A1C516E40C7B0027979A /* TGLoginViewController.xib */; };
		1C52A1CA16E40DC90027979A /* TGPlatformTableViewController~ipad.xib in Resources */ = {isa = PBXBuildFile; fileRef = 1C52A1C816E40DC90027979A /* TGPlatformTableViewController~ipad.xib */; };
		1C52A1CB16E40DC90027979A /* TGPlatformTableViewController~iphone.xib in Resources */ = {isa = PBXBuildFile; fileRef = 1C52A1C916E40DC90027979A /* TGPlatformTableViewController~iphone.xib */; };
		1C52A1CE16E41AFA0027979A /* TGUserManager.m in Sources */ = {isa = PBXBuildFile; fileRef = 1C52A1CD16E41AFA0027979A /* TGUserManager.m */; };
		1C52A1D116E41B130027979A /* TGUser.m in Sources */ = {isa = PBXBuildFile; fileRef = 1C52A1D016E41B130027979A /* TGUser.m */; };
		1C52A1D416E431F30027979A /* TGDataManager.m in Sources */ = {isa = PBXBuildFile; fileRef = 1C52A1D316E431F30027979A /* TGDataManager.m */; };
		1C8235BA16DAD32500843D6A /* TGGameViewController.m in Sources */ = {isa = PBXBuildFile; fileRef = 1C8235B816DAD32500843D6A /* TGGameViewController.m */; };
		1C8235BB16DAD32500843D6A /* TGGameViewController.xib in Resources */ = {isa = PBXBuildFile; fileRef = 1C8235B916DAD32500843D6A /* TGGameViewController.xib */; };
		1CD1E6681724874600F9F893 /* QuartzCore.framework in Frameworks */ = {isa = PBXBuildFile; fileRef = 1CD1E6671724874600F9F893 /* QuartzCore.framework */; };
		1CD1E66B17248D8500F9F893 /* TGImage.m in Sources */ = {isa = PBXBuildFile; fileRef = 1CD1E66A17248D8500F9F893 /* TGImage.m */; };
		1CD1E66F1724A4CF00F9F893 /* TGPlatformViewController.m in Sources */ = {isa = PBXBuildFile; fileRef = 1CD1E66D1724A4CF00F9F893 /* TGPlatformViewController.m */; };
		1CD1E6701724A4CF00F9F893 /* TGPlatformViewController.xib in Resources */ = {isa = PBXBuildFile; fileRef = 1CD1E66E1724A4CF00F9F893 /* TGPlatformViewController.xib */; };
		1CD2DBAA172DB7E000A3B7DE /* TGImageViewController.m in Sources */ = {isa = PBXBuildFile; fileRef = 1CD2DBA8172DB7E000A3B7DE /* TGImageViewController.m */; };
		1CD2DBAB172DB7E000A3B7DE /* TGImageViewController.xib in Resources */ = {isa = PBXBuildFile; fileRef = 1CD2DBA9172DB7E000A3B7DE /* TGImageViewController.xib */; };
		C83B1C1016FF9C250078878C /* TGViewDataSource.m in Sources */ = {isa = PBXBuildFile; fileRef = C83B1C0F16FF9C250078878C /* TGViewDataSource.m */; };
		C83B1C1716FFA2390078878C /* TGPlatformDataSourceTests.m in Sources */ = {isa = PBXBuildFile; fileRef = C83B1C1616FFA2390078878C /* TGPlatformDataSourceTests.m */; };
		C84FAD32179B244800C9D2B2 /* TGFacebookPlatform.m in Sources */ = {isa = PBXBuildFile; fileRef = C84FAD2D179B241E00C9D2B2 /* TGFacebookPlatform.m */; };
		C84FAD33179B244B00C9D2B2 /* TGSocialManager.m in Sources */ = {isa = PBXBuildFile; fileRef = C84FAD2F179B241E00C9D2B2 /* TGSocialManager.m */; };
		C84FAD34179B244E00C9D2B2 /* TGSocialPlatform.m in Sources */ = {isa = PBXBuildFile; fileRef = C84FAD31179B241E00C9D2B2 /* TGSocialPlatform.m */; };
		C84FAD39179B246100C9D2B2 /* TGFriendsViewController.m in Sources */ = {isa = PBXBuildFile; fileRef = C84FAD37179B246100C9D2B2 /* TGFriendsViewController.m */; };
		C84FAD3A179B246100C9D2B2 /* TGFriendsViewController.xib in Resources */ = {isa = PBXBuildFile; fileRef = C84FAD38179B246100C9D2B2 /* TGFriendsViewController.xib */; };
		C84FAD3D179B24EF00C9D2B2 /* TGFriend.m in Sources */ = {isa = PBXBuildFile; fileRef = C84FAD3C179B24E500C9D2B2 /* TGFriend.m */; };
		C84FAD40179B250200C9D2B2 /* TGFriendsDataSource.m in Sources */ = {isa = PBXBuildFile; fileRef = C84FAD3F179B250200C9D2B2 /* TGFriendsDataSource.m */; };
		C854401C17078E15003DA1B9 /* TGMenuViewController.m in Sources */ = {isa = PBXBuildFile; fileRef = C854401A17078E15003DA1B9 /* TGMenuViewController.m */; };
		C854401D17078E15003DA1B9 /* TGMenuViewController.xib in Resources */ = {isa = PBXBuildFile; fileRef = C854401B17078E15003DA1B9 /* TGMenuViewController.xib */; };
		C854402117079B6A003DA1B9 /* TGNavigationItemFactory.m in Sources */ = {isa = PBXBuildFile; fileRef = C854402017079B6A003DA1B9 /* TGNavigationItemFactory.m */; };
		C854402417079BB7003DA1B9 /* TGViewController.m in Sources */ = {isa = PBXBuildFile; fileRef = C854402317079BB7003DA1B9 /* TGViewController.m */; };
		C88FB8FB1754261F00B5B4AD /* TGSearchViewController.m in Sources */ = {isa = PBXBuildFile; fileRef = C88FB8F91754261F00B5B4AD /* TGSearchViewController.m */; };
		C88FB8FC1754261F00B5B4AD /* TGSearchViewController.xib in Resources */ = {isa = PBXBuildFile; fileRef = C88FB8FA1754261F00B5B4AD /* TGSearchViewController.xib */; };
		C88FB8FF1754271200B5B4AD /* TGSearchDataSource.m in Sources */ = {isa = PBXBuildFile; fileRef = C88FB8FE1754271200B5B4AD /* TGSearchDataSource.m */; };
		C88FB90B1757D1B300B5B4AD /* Crashlytics.framework in Frameworks */ = {isa = PBXBuildFile; fileRef = C88FB90A1757D1B300B5B4AD /* Crashlytics.framework */; };
		C89229FF16DD485A003B6A3C /* libz.dylib in Frameworks */ = {isa = PBXBuildFile; fileRef = C89229FE16DD485A003B6A3C /* libz.dylib */; };
		C8AD3A3616FBB6C400A8CD79 /* TGPlatformTests.m in Sources */ = {isa = PBXBuildFile; fileRef = C8AD3A3516FBB6C400A8CD79 /* TGPlatformTests.m */; };
		C8AD3A3D16FBBBFA00A8CD79 /* TGUserMangerTests.m in Sources */ = {isa = PBXBuildFile; fileRef = C8AD3A3C16FBBBFA00A8CD79 /* TGUserMangerTests.m */; };
		C8AD3A4116FBBCE000A8CD79 /* libPods.a in Frameworks */ = {isa = PBXBuildFile; fileRef = 71AF9A9C1D4C4D848FE30F72 /* libPods.a */; };
		C8AD3A4216FBBD5C00A8CD79 /* libz.dylib in Frameworks */ = {isa = PBXBuildFile; fileRef = C89229FE16DD485A003B6A3C /* libz.dylib */; };
		C8AD3A4616FC9E6000A8CD79 /* TGGameTests.m in Sources */ = {isa = PBXBuildFile; fileRef = C8AD3A4516FC9E6000A8CD79 /* TGGameTests.m */; };
		C8E6A41E1772511C00F76560 /* Media.xcassets in Resources */ = {isa = PBXBuildFile; fileRef = C8E6A41D1772511C00F76560 /* Media.xcassets */; };
		E02A801E1736F7DD00C45A0B /* TGGameDataSource.m in Sources */ = {isa = PBXBuildFile; fileRef = E02A80171736F7DD00C45A0B /* TGGameDataSource.m */; };
		E02A801F1736F7DD00C45A0B /* TGGamesDataSource.m in Sources */ = {isa = PBXBuildFile; fileRef = E02A80191736F7DD00C45A0B /* TGGamesDataSource.m */; };
		E02A80201736F7DD00C45A0B /* TGPlatformDataSource.m in Sources */ = {isa = PBXBuildFile; fileRef = E02A801B1736F7DD00C45A0B /* TGPlatformDataSource.m */; };
		E02A80211736F7DD00C45A0B /* TGPlatformsDataSource.m in Sources */ = {isa = PBXBuildFile; fileRef = E02A801D1736F7DD00C45A0B /* TGPlatformsDataSource.m */; };
		E046FE8417027B12001636EB /* TGGameTableViewCell.m in Sources */ = {isa = PBXBuildFile; fileRef = E046FE8317027B12001636EB /* TGGameTableViewCell.m */; };
		E046FE8617027BE2001636EB /* TGGameTableViewCell~iphone.xib in Resources */ = {isa = PBXBuildFile; fileRef = E046FE8517027BE2001636EB /* TGGameTableViewCell~iphone.xib */; };
		E046FE8F170295B2001636EB /* TGGameStashDatum.m in Sources */ = {isa = PBXBuildFile; fileRef = E046FE8E170295B2001636EB /* TGGameStashDatum.m */; };
		E046FE9317031406001636EB /* TGGameStashDatumTests.m in Sources */ = {isa = PBXBuildFile; fileRef = E046FE9217031406001636EB /* TGGameStashDatumTests.m */; };
		E0D97EFF16FD27B4008ABE8A /* SystemConfiguration.framework in Frameworks */ = {isa = PBXBuildFile; fileRef = E0D97EFE16FD27B4008ABE8A /* SystemConfiguration.framework */; };
		E0D97F0116FD27CF008ABE8A /* MobileCoreServices.framework in Frameworks */ = {isa = PBXBuildFile; fileRef = E0D97F0016FD27CF008ABE8A /* MobileCoreServices.framework */; };
		E0DA2C8217371AA6001953C0 /* TGRatingView.m in Sources */ = {isa = PBXBuildFile; fileRef = E0DA2C8117371AA6001953C0 /* TGRatingView.m */; };
		E0DA2C88173725DD001953C0 /* TGGameStashDatumMediator.m in Sources */ = {isa = PBXBuildFile; fileRef = E0DA2C87173725DD001953C0 /* TGGameStashDatumMediator.m */; };
		E0DAA60A16D180420066C7D2 /* UIKit.framework in Frameworks */ = {isa = PBXBuildFile; fileRef = E0DAA60916D180420066C7D2 /* UIKit.framework */; };
		E0DAA60C16D180420066C7D2 /* Foundation.framework in Frameworks */ = {isa = PBXBuildFile; fileRef = E0DAA60B16D180420066C7D2 /* Foundation.framework */; };
		E0DAA60E16D180420066C7D2 /* CoreGraphics.framework in Frameworks */ = {isa = PBXBuildFile; fileRef = E0DAA60D16D180420066C7D2 /* CoreGraphics.framework */; };
		E0DAA61416D180420066C7D2 /* InfoPlist.strings in Resources */ = {isa = PBXBuildFile; fileRef = E0DAA61216D180420066C7D2 /* InfoPlist.strings */; };
		E0DAA61616D180420066C7D2 /* main.m in Sources */ = {isa = PBXBuildFile; fileRef = E0DAA61516D180420066C7D2 /* main.m */; };
		E0DAA61A16D180420066C7D2 /* TGAppDelegate.m in Sources */ = {isa = PBXBuildFile; fileRef = E0DAA61916D180420066C7D2 /* TGAppDelegate.m */; };
		E0DAA62316D180420066C7D2 /* TGPlatformTableViewController.m in Sources */ = {isa = PBXBuildFile; fileRef = E0DAA62216D180420066C7D2 /* TGPlatformTableViewController.m */; };
		E0DAA63116D180430066C7D2 /* SenTestingKit.framework in Frameworks */ = {isa = PBXBuildFile; fileRef = E0DAA63016D180430066C7D2 /* SenTestingKit.framework */; };
		E0DAA63216D180430066C7D2 /* UIKit.framework in Frameworks */ = {isa = PBXBuildFile; fileRef = E0DAA60916D180420066C7D2 /* UIKit.framework */; };
		E0DAA63316D180430066C7D2 /* Foundation.framework in Frameworks */ = {isa = PBXBuildFile; fileRef = E0DAA60B16D180420066C7D2 /* Foundation.framework */; };
		E0DAA63B16D180430066C7D2 /* InfoPlist.strings in Resources */ = {isa = PBXBuildFile; fileRef = E0DAA63916D180430066C7D2 /* InfoPlist.strings */; };
		FDE645C1148E4FF38E62E963 /* libPods.a in Frameworks */ = {isa = PBXBuildFile; fileRef = 71AF9A9C1D4C4D848FE30F72 /* libPods.a */; };
/* End PBXBuildFile section */

/* Begin PBXContainerItemProxy section */
		E0DAA63416D180430066C7D2 /* PBXContainerItemProxy */ = {
			isa = PBXContainerItemProxy;
			containerPortal = E0DAA5FE16D180420066C7D2 /* Project object */;
			proxyType = 1;
			remoteGlobalIDString = E0DAA60516D180420066C7D2;
			remoteInfo = iTrackGames;
		};
/* End PBXContainerItemProxy section */

/* Begin PBXFileReference section */
		1C29A37D16D18D83009524BE /* TGPlatform.h */ = {isa = PBXFileReference; fileEncoding = 4; lastKnownFileType = sourcecode.c.h; path = TGPlatform.h; sourceTree = "<group>"; };
		1C29A37E16D18D83009524BE /* TGPlatform.m */ = {isa = PBXFileReference; fileEncoding = 4; lastKnownFileType = sourcecode.c.objc; path = TGPlatform.m; sourceTree = "<group>"; };
		1C29A38516D1A6F6009524BE /* TGGame.h */ = {isa = PBXFileReference; fileEncoding = 4; lastKnownFileType = sourcecode.c.h; path = TGGame.h; sourceTree = "<group>"; };
		1C29A38616D1A6F6009524BE /* TGGame.m */ = {isa = PBXFileReference; fileEncoding = 4; lastKnownFileType = sourcecode.c.objc; path = TGGame.m; sourceTree = "<group>"; };
		1C29A38816D1A766009524BE /* TGGameTableViewController.h */ = {isa = PBXFileReference; fileEncoding = 4; lastKnownFileType = sourcecode.c.h; path = TGGameTableViewController.h; sourceTree = "<group>"; };
		1C29A38916D1A766009524BE /* TGGameTableViewController.m */ = {isa = PBXFileReference; fileEncoding = 4; lastKnownFileType = sourcecode.c.objc; path = TGGameTableViewController.m; sourceTree = "<group>"; };
		1C29A38A16D1A766009524BE /* TGGameTableViewController.xib */ = {isa = PBXFileReference; fileEncoding = 4; lastKnownFileType = file.xib; path = TGGameTableViewController.xib; sourceTree = "<group>"; };
		1C52A1C316E40C7B0027979A /* TGLoginViewController.h */ = {isa = PBXFileReference; fileEncoding = 4; lastKnownFileType = sourcecode.c.h; path = TGLoginViewController.h; sourceTree = "<group>"; };
		1C52A1C416E40C7B0027979A /* TGLoginViewController.m */ = {isa = PBXFileReference; fileEncoding = 4; lastKnownFileType = sourcecode.c.objc; path = TGLoginViewController.m; sourceTree = "<group>"; };
		1C52A1C516E40C7B0027979A /* TGLoginViewController.xib */ = {isa = PBXFileReference; fileEncoding = 4; lastKnownFileType = file.xib; path = TGLoginViewController.xib; sourceTree = "<group>"; };
		1C52A1C816E40DC90027979A /* TGPlatformTableViewController~ipad.xib */ = {isa = PBXFileReference; fileEncoding = 4; lastKnownFileType = file.xib; path = "TGPlatformTableViewController~ipad.xib"; sourceTree = "<group>"; };
		1C52A1C916E40DC90027979A /* TGPlatformTableViewController~iphone.xib */ = {isa = PBXFileReference; fileEncoding = 4; lastKnownFileType = file.xib; path = "TGPlatformTableViewController~iphone.xib"; sourceTree = "<group>"; };
		1C52A1CC16E41AFA0027979A /* TGUserManager.h */ = {isa = PBXFileReference; fileEncoding = 4; lastKnownFileType = sourcecode.c.h; path = TGUserManager.h; sourceTree = "<group>"; };
		1C52A1CD16E41AFA0027979A /* TGUserManager.m */ = {isa = PBXFileReference; fileEncoding = 4; lastKnownFileType = sourcecode.c.objc; path = TGUserManager.m; sourceTree = "<group>"; };
		1C52A1CF16E41B130027979A /* TGUser.h */ = {isa = PBXFileReference; fileEncoding = 4; lastKnownFileType = sourcecode.c.h; path = TGUser.h; sourceTree = "<group>"; };
		1C52A1D016E41B130027979A /* TGUser.m */ = {isa = PBXFileReference; fileEncoding = 4; lastKnownFileType = sourcecode.c.objc; path = TGUser.m; sourceTree = "<group>"; };
		1C52A1D216E431F30027979A /* TGDataManager.h */ = {isa = PBXFileReference; fileEncoding = 4; lastKnownFileType = sourcecode.c.h; path = TGDataManager.h; sourceTree = "<group>"; };
		1C52A1D316E431F30027979A /* TGDataManager.m */ = {isa = PBXFileReference; fileEncoding = 4; lastKnownFileType = sourcecode.c.objc; path = TGDataManager.m; sourceTree = "<group>"; };
		1C8235B716DAD32500843D6A /* TGGameViewController.h */ = {isa = PBXFileReference; fileEncoding = 4; lastKnownFileType = sourcecode.c.h; path = TGGameViewController.h; sourceTree = "<group>"; };
		1C8235B816DAD32500843D6A /* TGGameViewController.m */ = {isa = PBXFileReference; fileEncoding = 4; lastKnownFileType = sourcecode.c.objc; path = TGGameViewController.m; sourceTree = "<group>"; };
		1C8235B916DAD32500843D6A /* TGGameViewController.xib */ = {isa = PBXFileReference; fileEncoding = 4; lastKnownFileType = file.xib; path = TGGameViewController.xib; sourceTree = "<group>"; };
		1CD1E6671724874600F9F893 /* QuartzCore.framework */ = {isa = PBXFileReference; lastKnownFileType = wrapper.framework; name = QuartzCore.framework; path = System/Library/Frameworks/QuartzCore.framework; sourceTree = SDKROOT; };
		1CD1E66917248D8500F9F893 /* TGImage.h */ = {isa = PBXFileReference; fileEncoding = 4; lastKnownFileType = sourcecode.c.h; path = TGImage.h; sourceTree = "<group>"; };
		1CD1E66A17248D8500F9F893 /* TGImage.m */ = {isa = PBXFileReference; fileEncoding = 4; lastKnownFileType = sourcecode.c.objc; path = TGImage.m; sourceTree = "<group>"; };
		1CD1E66C1724A4CF00F9F893 /* TGPlatformViewController.h */ = {isa = PBXFileReference; fileEncoding = 4; lastKnownFileType = sourcecode.c.h; path = TGPlatformViewController.h; sourceTree = "<group>"; };
		1CD1E66D1724A4CF00F9F893 /* TGPlatformViewController.m */ = {isa = PBXFileReference; fileEncoding = 4; lastKnownFileType = sourcecode.c.objc; path = TGPlatformViewController.m; sourceTree = "<group>"; };
		1CD1E66E1724A4CF00F9F893 /* TGPlatformViewController.xib */ = {isa = PBXFileReference; fileEncoding = 4; lastKnownFileType = file.xib; path = TGPlatformViewController.xib; sourceTree = "<group>"; };
		1CD2DBA7172DB7E000A3B7DE /* TGImageViewController.h */ = {isa = PBXFileReference; fileEncoding = 4; lastKnownFileType = sourcecode.c.h; path = TGImageViewController.h; sourceTree = "<group>"; };
		1CD2DBA8172DB7E000A3B7DE /* TGImageViewController.m */ = {isa = PBXFileReference; fileEncoding = 4; lastKnownFileType = sourcecode.c.objc; path = TGImageViewController.m; sourceTree = "<group>"; };
		1CD2DBA9172DB7E000A3B7DE /* TGImageViewController.xib */ = {isa = PBXFileReference; fileEncoding = 4; lastKnownFileType = file.xib; path = TGImageViewController.xib; sourceTree = "<group>"; };
		71AF9A9C1D4C4D848FE30F72 /* libPods.a */ = {isa = PBXFileReference; explicitFileType = archive.ar; includeInIndex = 0; path = libPods.a; sourceTree = BUILT_PRODUCTS_DIR; };
		86E86922B8094B7B87F618D1 /* Pods.xcconfig */ = {isa = PBXFileReference; includeInIndex = 1; lastKnownFileType = text.xcconfig; name = Pods.xcconfig; path = Pods/Pods.xcconfig; sourceTree = SOURCE_ROOT; };
		C83B1C0E16FF9C250078878C /* TGViewDataSource.h */ = {isa = PBXFileReference; fileEncoding = 4; lastKnownFileType = sourcecode.c.h; path = TGViewDataSource.h; sourceTree = "<group>"; };
		C83B1C0F16FF9C250078878C /* TGViewDataSource.m */ = {isa = PBXFileReference; fileEncoding = 4; lastKnownFileType = sourcecode.c.objc; path = TGViewDataSource.m; sourceTree = "<group>"; };
		C83B1C1516FFA2390078878C /* TGPlatformDataSourceTests.h */ = {isa = PBXFileReference; fileEncoding = 4; lastKnownFileType = sourcecode.c.h; path = TGPlatformDataSourceTests.h; sourceTree = "<group>"; };
		C83B1C1616FFA2390078878C /* TGPlatformDataSourceTests.m */ = {isa = PBXFileReference; fileEncoding = 4; lastKnownFileType = sourcecode.c.objc; path = TGPlatformDataSourceTests.m; sourceTree = "<group>"; };
		C84FAD2C179B241E00C9D2B2 /* TGFacebookPlatform.h */ = {isa = PBXFileReference; lastKnownFileType = sourcecode.c.h; path = TGFacebookPlatform.h; sourceTree = "<group>"; };
		C84FAD2D179B241E00C9D2B2 /* TGFacebookPlatform.m */ = {isa = PBXFileReference; lastKnownFileType = sourcecode.c.objc; path = TGFacebookPlatform.m; sourceTree = "<group>"; };
		C84FAD2E179B241E00C9D2B2 /* TGSocialManager.h */ = {isa = PBXFileReference; lastKnownFileType = sourcecode.c.h; path = TGSocialManager.h; sourceTree = "<group>"; };
		C84FAD2F179B241E00C9D2B2 /* TGSocialManager.m */ = {isa = PBXFileReference; lastKnownFileType = sourcecode.c.objc; path = TGSocialManager.m; sourceTree = "<group>"; };
		C84FAD30179B241E00C9D2B2 /* TGSocialPlatform.h */ = {isa = PBXFileReference; lastKnownFileType = sourcecode.c.h; path = TGSocialPlatform.h; sourceTree = "<group>"; };
		C84FAD31179B241E00C9D2B2 /* TGSocialPlatform.m */ = {isa = PBXFileReference; lastKnownFileType = sourcecode.c.objc; path = TGSocialPlatform.m; sourceTree = "<group>"; };
		C84FAD36179B246100C9D2B2 /* TGFriendsViewController.h */ = {isa = PBXFileReference; fileEncoding = 4; lastKnownFileType = sourcecode.c.h; path = TGFriendsViewController.h; sourceTree = "<group>"; };
		C84FAD37179B246100C9D2B2 /* TGFriendsViewController.m */ = {isa = PBXFileReference; fileEncoding = 4; lastKnownFileType = sourcecode.c.objc; path = TGFriendsViewController.m; sourceTree = "<group>"; };
		C84FAD38179B246100C9D2B2 /* TGFriendsViewController.xib */ = {isa = PBXFileReference; fileEncoding = 4; lastKnownFileType = file.xib; path = TGFriendsViewController.xib; sourceTree = "<group>"; };
		C84FAD3B179B24E500C9D2B2 /* TGFriend.h */ = {isa = PBXFileReference; lastKnownFileType = sourcecode.c.h; path = TGFriend.h; sourceTree = "<group>"; };
		C84FAD3C179B24E500C9D2B2 /* TGFriend.m */ = {isa = PBXFileReference; lastKnownFileType = sourcecode.c.objc; path = TGFriend.m; sourceTree = "<group>"; };
		C84FAD3E179B250200C9D2B2 /* TGFriendsDataSource.h */ = {isa = PBXFileReference; fileEncoding = 4; lastKnownFileType = sourcecode.c.h; path = TGFriendsDataSource.h; sourceTree = "<group>"; };
		C84FAD3F179B250200C9D2B2 /* TGFriendsDataSource.m */ = {isa = PBXFileReference; fileEncoding = 4; lastKnownFileType = sourcecode.c.objc; path = TGFriendsDataSource.m; sourceTree = "<group>"; };
		C854401917078E15003DA1B9 /* TGMenuViewController.h */ = {isa = PBXFileReference; fileEncoding = 4; lastKnownFileType = sourcecode.c.h; path = TGMenuViewController.h; sourceTree = "<group>"; };
		C854401A17078E15003DA1B9 /* TGMenuViewController.m */ = {isa = PBXFileReference; fileEncoding = 4; lastKnownFileType = sourcecode.c.objc; path = TGMenuViewController.m; sourceTree = "<group>"; };
		C854401B17078E15003DA1B9 /* TGMenuViewController.xib */ = {isa = PBXFileReference; fileEncoding = 4; lastKnownFileType = file.xib; path = TGMenuViewController.xib; sourceTree = "<group>"; };
		C854401F17079B6A003DA1B9 /* TGNavigationItemFactory.h */ = {isa = PBXFileReference; fileEncoding = 4; lastKnownFileType = sourcecode.c.h; path = TGNavigationItemFactory.h; sourceTree = "<group>"; };
		C854402017079B6A003DA1B9 /* TGNavigationItemFactory.m */ = {isa = PBXFileReference; fileEncoding = 4; lastKnownFileType = sourcecode.c.objc; path = TGNavigationItemFactory.m; sourceTree = "<group>"; };
		C854402217079BB7003DA1B9 /* TGViewController.h */ = {isa = PBXFileReference; fileEncoding = 4; lastKnownFileType = sourcecode.c.h; path = TGViewController.h; sourceTree = "<group>"; };
		C854402317079BB7003DA1B9 /* TGViewController.m */ = {isa = PBXFileReference; fileEncoding = 4; lastKnownFileType = sourcecode.c.objc; path = TGViewController.m; sourceTree = "<group>"; };
		C88FB8F81754261F00B5B4AD /* TGSearchViewController.h */ = {isa = PBXFileReference; fileEncoding = 4; lastKnownFileType = sourcecode.c.h; path = TGSearchViewController.h; sourceTree = "<group>"; };
		C88FB8F91754261F00B5B4AD /* TGSearchViewController.m */ = {isa = PBXFileReference; fileEncoding = 4; lastKnownFileType = sourcecode.c.objc; path = TGSearchViewController.m; sourceTree = "<group>"; };
		C88FB8FA1754261F00B5B4AD /* TGSearchViewController.xib */ = {isa = PBXFileReference; fileEncoding = 4; lastKnownFileType = file.xib; path = TGSearchViewController.xib; sourceTree = "<group>"; };
		C88FB8FD1754271200B5B4AD /* TGSearchDataSource.h */ = {isa = PBXFileReference; fileEncoding = 4; lastKnownFileType = sourcecode.c.h; path = TGSearchDataSource.h; sourceTree = "<group>"; };
		C88FB8FE1754271200B5B4AD /* TGSearchDataSource.m */ = {isa = PBXFileReference; fileEncoding = 4; lastKnownFileType = sourcecode.c.objc; path = TGSearchDataSource.m; sourceTree = "<group>"; };
		C88FB90A1757D1B300B5B4AD /* Crashlytics.framework */ = {isa = PBXFileReference; lastKnownFileType = wrapper.framework; path = Crashlytics.framework; sourceTree = "<group>"; };
		C89229FE16DD485A003B6A3C /* libz.dylib */ = {isa = PBXFileReference; lastKnownFileType = "compiled.mach-o.dylib"; name = libz.dylib; path = usr/lib/libz.dylib; sourceTree = SDKROOT; };
		C8AD3A3416FBB6C400A8CD79 /* TGPlatformTests.h */ = {isa = PBXFileReference; fileEncoding = 4; lastKnownFileType = sourcecode.c.h; path = TGPlatformTests.h; sourceTree = "<group>"; };
		C8AD3A3516FBB6C400A8CD79 /* TGPlatformTests.m */ = {isa = PBXFileReference; fileEncoding = 4; lastKnownFileType = sourcecode.c.objc; path = TGPlatformTests.m; sourceTree = "<group>"; };
		C8AD3A3B16FBBBFA00A8CD79 /* TGUserMangerTests.h */ = {isa = PBXFileReference; fileEncoding = 4; lastKnownFileType = sourcecode.c.h; path = TGUserMangerTests.h; sourceTree = "<group>"; };
		C8AD3A3C16FBBBFA00A8CD79 /* TGUserMangerTests.m */ = {isa = PBXFileReference; fileEncoding = 4; lastKnownFileType = sourcecode.c.objc; path = TGUserMangerTests.m; sourceTree = "<group>"; };
		C8AD3A4416FC9E6000A8CD79 /* TGGameTests.h */ = {isa = PBXFileReference; fileEncoding = 4; lastKnownFileType = sourcecode.c.h; path = TGGameTests.h; sourceTree = "<group>"; };
		C8AD3A4516FC9E6000A8CD79 /* TGGameTests.m */ = {isa = PBXFileReference; fileEncoding = 4; lastKnownFileType = sourcecode.c.objc; path = TGGameTests.m; sourceTree = "<group>"; };
		C8E6A41D1772511C00F76560 /* Media.xcassets */ = {isa = PBXFileReference; lastKnownFileType = folder.assetcatalog; name = Media.xcassets; path = iTrackGames/Media.xcassets; sourceTree = "<group>"; };
		E02A80161736F7DD00C45A0B /* TGGameDataSource.h */ = {isa = PBXFileReference; fileEncoding = 4; lastKnownFileType = sourcecode.c.h; path = TGGameDataSource.h; sourceTree = "<group>"; };
		E02A80171736F7DD00C45A0B /* TGGameDataSource.m */ = {isa = PBXFileReference; fileEncoding = 4; lastKnownFileType = sourcecode.c.objc; path = TGGameDataSource.m; sourceTree = "<group>"; };
		E02A80181736F7DD00C45A0B /* TGGamesDataSource.h */ = {isa = PBXFileReference; fileEncoding = 4; lastKnownFileType = sourcecode.c.h; path = TGGamesDataSource.h; sourceTree = "<group>"; };
		E02A80191736F7DD00C45A0B /* TGGamesDataSource.m */ = {isa = PBXFileReference; fileEncoding = 4; lastKnownFileType = sourcecode.c.objc; path = TGGamesDataSource.m; sourceTree = "<group>"; };
		E02A801A1736F7DD00C45A0B /* TGPlatformDataSource.h */ = {isa = PBXFileReference; fileEncoding = 4; lastKnownFileType = sourcecode.c.h; path = TGPlatformDataSource.h; sourceTree = "<group>"; };
		E02A801B1736F7DD00C45A0B /* TGPlatformDataSource.m */ = {isa = PBXFileReference; fileEncoding = 4; lastKnownFileType = sourcecode.c.objc; path = TGPlatformDataSource.m; sourceTree = "<group>"; };
		E02A801C1736F7DD00C45A0B /* TGPlatformsDataSource.h */ = {isa = PBXFileReference; fileEncoding = 4; lastKnownFileType = sourcecode.c.h; path = TGPlatformsDataSource.h; sourceTree = "<group>"; };
		E02A801D1736F7DD00C45A0B /* TGPlatformsDataSource.m */ = {isa = PBXFileReference; fileEncoding = 4; lastKnownFileType = sourcecode.c.objc; path = TGPlatformsDataSource.m; sourceTree = "<group>"; };
		E046FE8217027B12001636EB /* TGGameTableViewCell.h */ = {isa = PBXFileReference; fileEncoding = 4; lastKnownFileType = sourcecode.c.h; path = TGGameTableViewCell.h; sourceTree = "<group>"; };
		E046FE8317027B12001636EB /* TGGameTableViewCell.m */ = {isa = PBXFileReference; fileEncoding = 4; lastKnownFileType = sourcecode.c.objc; path = TGGameTableViewCell.m; sourceTree = "<group>"; };
		E046FE8517027BE2001636EB /* TGGameTableViewCell~iphone.xib */ = {isa = PBXFileReference; fileEncoding = 4; lastKnownFileType = file.xib; path = "TGGameTableViewCell~iphone.xib"; sourceTree = "<group>"; };
		E046FE8D170295B2001636EB /* TGGameStashDatum.h */ = {isa = PBXFileReference; fileEncoding = 4; lastKnownFileType = sourcecode.c.h; path = TGGameStashDatum.h; sourceTree = "<group>"; };
		E046FE8E170295B2001636EB /* TGGameStashDatum.m */ = {isa = PBXFileReference; fileEncoding = 4; lastKnownFileType = sourcecode.c.objc; path = TGGameStashDatum.m; sourceTree = "<group>"; };
		E046FE9117031406001636EB /* TGGameStashDatumTests.h */ = {isa = PBXFileReference; fileEncoding = 4; lastKnownFileType = sourcecode.c.h; path = TGGameStashDatumTests.h; sourceTree = "<group>"; };
		E046FE9217031406001636EB /* TGGameStashDatumTests.m */ = {isa = PBXFileReference; fileEncoding = 4; lastKnownFileType = sourcecode.c.objc; path = TGGameStashDatumTests.m; sourceTree = "<group>"; };
		E0D97EFD16FD1EEF008ABE8A /* TGConstants.h */ = {isa = PBXFileReference; fileEncoding = 4; lastKnownFileType = sourcecode.c.h; path = TGConstants.h; sourceTree = "<group>"; };
		E0D97EFE16FD27B4008ABE8A /* SystemConfiguration.framework */ = {isa = PBXFileReference; lastKnownFileType = wrapper.framework; name = SystemConfiguration.framework; path = System/Library/Frameworks/SystemConfiguration.framework; sourceTree = SDKROOT; };
		E0D97F0016FD27CF008ABE8A /* MobileCoreServices.framework */ = {isa = PBXFileReference; lastKnownFileType = wrapper.framework; name = MobileCoreServices.framework; path = System/Library/Frameworks/MobileCoreServices.framework; sourceTree = SDKROOT; };
		E0DA2C8017371AA6001953C0 /* TGRatingView.h */ = {isa = PBXFileReference; fileEncoding = 4; lastKnownFileType = sourcecode.c.h; path = TGRatingView.h; sourceTree = "<group>"; };
		E0DA2C8117371AA6001953C0 /* TGRatingView.m */ = {isa = PBXFileReference; fileEncoding = 4; lastKnownFileType = sourcecode.c.objc; path = TGRatingView.m; sourceTree = "<group>"; };
		E0DA2C86173725DD001953C0 /* TGGameStashDatumMediator.h */ = {isa = PBXFileReference; fileEncoding = 4; lastKnownFileType = sourcecode.c.h; path = TGGameStashDatumMediator.h; sourceTree = "<group>"; };
		E0DA2C87173725DD001953C0 /* TGGameStashDatumMediator.m */ = {isa = PBXFileReference; fileEncoding = 4; lastKnownFileType = sourcecode.c.objc; path = TGGameStashDatumMediator.m; sourceTree = "<group>"; };
		E0DAA60616D180420066C7D2 /* iTrackGames.app */ = {isa = PBXFileReference; explicitFileType = wrapper.application; includeInIndex = 0; path = iTrackGames.app; sourceTree = BUILT_PRODUCTS_DIR; };
		E0DAA60916D180420066C7D2 /* UIKit.framework */ = {isa = PBXFileReference; lastKnownFileType = wrapper.framework; name = UIKit.framework; path = System/Library/Frameworks/UIKit.framework; sourceTree = SDKROOT; };
		E0DAA60B16D180420066C7D2 /* Foundation.framework */ = {isa = PBXFileReference; lastKnownFileType = wrapper.framework; name = Foundation.framework; path = System/Library/Frameworks/Foundation.framework; sourceTree = SDKROOT; };
		E0DAA60D16D180420066C7D2 /* CoreGraphics.framework */ = {isa = PBXFileReference; lastKnownFileType = wrapper.framework; name = CoreGraphics.framework; path = System/Library/Frameworks/CoreGraphics.framework; sourceTree = SDKROOT; };
		E0DAA61116D180420066C7D2 /* iTrackGames-Info.plist */ = {isa = PBXFileReference; lastKnownFileType = text.plist.xml; name = "iTrackGames-Info.plist"; path = "iTrackGames/iTrackGames-Info.plist"; sourceTree = SOURCE_ROOT; };
		E0DAA61316D180420066C7D2 /* en */ = {isa = PBXFileReference; lastKnownFileType = text.plist.strings; name = en; path = en.lproj/InfoPlist.strings; sourceTree = "<group>"; };
		E0DAA61516D180420066C7D2 /* main.m */ = {isa = PBXFileReference; lastKnownFileType = sourcecode.c.objc; path = main.m; sourceTree = "<group>"; };
		E0DAA61716D180420066C7D2 /* iTrackGames-Prefix.pch */ = {isa = PBXFileReference; lastKnownFileType = sourcecode.c.h; path = "iTrackGames-Prefix.pch"; sourceTree = "<group>"; };
		E0DAA61816D180420066C7D2 /* TGAppDelegate.h */ = {isa = PBXFileReference; lastKnownFileType = sourcecode.c.h; path = TGAppDelegate.h; sourceTree = "<group>"; };
		E0DAA61916D180420066C7D2 /* TGAppDelegate.m */ = {isa = PBXFileReference; lastKnownFileType = sourcecode.c.objc; path = TGAppDelegate.m; sourceTree = "<group>"; };
		E0DAA62116D180420066C7D2 /* TGPlatformTableViewController.h */ = {isa = PBXFileReference; lastKnownFileType = sourcecode.c.h; path = TGPlatformTableViewController.h; sourceTree = "<group>"; };
		E0DAA62216D180420066C7D2 /* TGPlatformTableViewController.m */ = {isa = PBXFileReference; lastKnownFileType = sourcecode.c.objc; path = TGPlatformTableViewController.m; sourceTree = "<group>"; };
		E0DAA62F16D180430066C7D2 /* iTrackGamesTests.octest */ = {isa = PBXFileReference; explicitFileType = wrapper.cfbundle; includeInIndex = 0; path = iTrackGamesTests.octest; sourceTree = BUILT_PRODUCTS_DIR; };
		E0DAA63016D180430066C7D2 /* SenTestingKit.framework */ = {isa = PBXFileReference; lastKnownFileType = wrapper.framework; name = SenTestingKit.framework; path = Library/Frameworks/SenTestingKit.framework; sourceTree = DEVELOPER_DIR; };
		E0DAA63816D180430066C7D2 /* iTrackGamesTests-Info.plist */ = {isa = PBXFileReference; lastKnownFileType = text.plist.xml; path = "iTrackGamesTests-Info.plist"; sourceTree = "<group>"; };
		E0DAA63A16D180430066C7D2 /* en */ = {isa = PBXFileReference; lastKnownFileType = text.plist.strings; name = en; path = en.lproj/InfoPlist.strings; sourceTree = "<group>"; };
/* End PBXFileReference section */

/* Begin PBXFrameworksBuildPhase section */
		E0DAA60316D180420066C7D2 /* Frameworks */ = {
			isa = PBXFrameworksBuildPhase;
			buildActionMask = 2147483647;
			files = (
				1CD1E6681724874600F9F893 /* QuartzCore.framework in Frameworks */,
				E0D97F0116FD27CF008ABE8A /* MobileCoreServices.framework in Frameworks */,
				E0D97EFF16FD27B4008ABE8A /* SystemConfiguration.framework in Frameworks */,
				C89229FF16DD485A003B6A3C /* libz.dylib in Frameworks */,
				E0DAA60A16D180420066C7D2 /* UIKit.framework in Frameworks */,
				E0DAA60C16D180420066C7D2 /* Foundation.framework in Frameworks */,
				E0DAA60E16D180420066C7D2 /* CoreGraphics.framework in Frameworks */,
				FDE645C1148E4FF38E62E963 /* libPods.a in Frameworks */,
				C88FB90B1757D1B300B5B4AD /* Crashlytics.framework in Frameworks */,
			);
			runOnlyForDeploymentPostprocessing = 0;
		};
		E0DAA62B16D180430066C7D2 /* Frameworks */ = {
			isa = PBXFrameworksBuildPhase;
			buildActionMask = 2147483647;
			files = (
				E0DAA63116D180430066C7D2 /* SenTestingKit.framework in Frameworks */,
				E0DAA63216D180430066C7D2 /* UIKit.framework in Frameworks */,
				E0DAA63316D180430066C7D2 /* Foundation.framework in Frameworks */,
				C8AD3A4116FBBCE000A8CD79 /* libPods.a in Frameworks */,
				C8AD3A4216FBBD5C00A8CD79 /* libz.dylib in Frameworks */,
			);
			runOnlyForDeploymentPostprocessing = 0;
		};
/* End PBXFrameworksBuildPhase section */

/* Begin PBXGroup section */
		1C29A37C16D18D20009524BE /* Models */ = {
			isa = PBXGroup;
			children = (
				C84FAD3B179B24E500C9D2B2 /* TGFriend.h */,
				C84FAD3C179B24E500C9D2B2 /* TGFriend.m */,
				1C29A37D16D18D83009524BE /* TGPlatform.h */,
				1C29A37E16D18D83009524BE /* TGPlatform.m */,
				1C29A38516D1A6F6009524BE /* TGGame.h */,
				1C29A38616D1A6F6009524BE /* TGGame.m */,
				1C52A1CF16E41B130027979A /* TGUser.h */,
				1C52A1D016E41B130027979A /* TGUser.m */,
				E046FE8D170295B2001636EB /* TGGameStashDatum.h */,
				E046FE8E170295B2001636EB /* TGGameStashDatum.m */,
				1CD1E66917248D8500F9F893 /* TGImage.h */,
				1CD1E66A17248D8500F9F893 /* TGImage.m */,
			);
			path = Models;
			sourceTree = "<group>";
		};
		C83B1C0C16FF9B880078878C /* Platforms */ = {
			isa = PBXGroup;
			children = (
				E0DAA62116D180420066C7D2 /* TGPlatformTableViewController.h */,
				E0DAA62216D180420066C7D2 /* TGPlatformTableViewController.m */,
				1C52A1C816E40DC90027979A /* TGPlatformTableViewController~ipad.xib */,
				1C52A1C916E40DC90027979A /* TGPlatformTableViewController~iphone.xib */,
				1CD1E66C1724A4CF00F9F893 /* TGPlatformViewController.h */,
				1CD1E66D1724A4CF00F9F893 /* TGPlatformViewController.m */,
				1CD1E66E1724A4CF00F9F893 /* TGPlatformViewController.xib */,
			);
			name = Platforms;
			sourceTree = "<group>";
		};
		C83B1C0D16FF9B910078878C /* Games */ = {
			isa = PBXGroup;
			children = (
				1C29A38816D1A766009524BE /* TGGameTableViewController.h */,
				1C29A38916D1A766009524BE /* TGGameTableViewController.m */,
				1C29A38A16D1A766009524BE /* TGGameTableViewController.xib */,
				1C8235B716DAD32500843D6A /* TGGameViewController.h */,
				1C8235B816DAD32500843D6A /* TGGameViewController.m */,
				1C8235B916DAD32500843D6A /* TGGameViewController.xib */,
			);
			name = Games;
			sourceTree = "<group>";
		};
		C83B1C1416FFA2140078878C /* DataSource */ = {
			isa = PBXGroup;
			children = (
				C83B1C1516FFA2390078878C /* TGPlatformDataSourceTests.h */,
				C83B1C1616FFA2390078878C /* TGPlatformDataSourceTests.m */,
			);
			path = DataSource;
			sourceTree = "<group>";
		};
		C84FAD2B179B241E00C9D2B2 /* Social */ = {
			isa = PBXGroup;
			children = (
				C84FAD2C179B241E00C9D2B2 /* TGFacebookPlatform.h */,
				C84FAD2D179B241E00C9D2B2 /* TGFacebookPlatform.m */,
				C84FAD2E179B241E00C9D2B2 /* TGSocialManager.h */,
				C84FAD2F179B241E00C9D2B2 /* TGSocialManager.m */,
				C84FAD30179B241E00C9D2B2 /* TGSocialPlatform.h */,
				C84FAD31179B241E00C9D2B2 /* TGSocialPlatform.m */,
			);
			path = Social;
			sourceTree = "<group>";
		};
		C84FAD35179B246100C9D2B2 /* Social */ = {
			isa = PBXGroup;
			children = (
				C84FAD36179B246100C9D2B2 /* TGFriendsViewController.h */,
				C84FAD37179B246100C9D2B2 /* TGFriendsViewController.m */,
				C84FAD38179B246100C9D2B2 /* TGFriendsViewController.xib */,
			);
			path = Social;
			sourceTree = "<group>";
		};
		C854401E17079AB4003DA1B9 /* Factory */ = {
			isa = PBXGroup;
			children = (
				C854401F17079B6A003DA1B9 /* TGNavigationItemFactory.h */,
				C854402017079B6A003DA1B9 /* TGNavigationItemFactory.m */,
			);
			path = Factory;
			sourceTree = "<group>";
		};
		C89229F216DD4674003B6A3C /* ThirdParty */ = {
			isa = PBXGroup;
			children = (
			);
			name = ThirdParty;
			sourceTree = "<group>";
		};
		C89229F316DD467E003B6A3C /* Controllers */ = {
			isa = PBXGroup;
			children = (
				C84FAD35179B246100C9D2B2 /* Social */,
				C83B1C0D16FF9B910078878C /* Games */,
				C83B1C0C16FF9B880078878C /* Platforms */,
				1C52A1C316E40C7B0027979A /* TGLoginViewController.h */,
				1C52A1C416E40C7B0027979A /* TGLoginViewController.m */,
				1C52A1C516E40C7B0027979A /* TGLoginViewController.xib */,
				C854401917078E15003DA1B9 /* TGMenuViewController.h */,
				C854401A17078E15003DA1B9 /* TGMenuViewController.m */,
				C854401B17078E15003DA1B9 /* TGMenuViewController.xib */,
				C854402217079BB7003DA1B9 /* TGViewController.h */,
				C854402317079BB7003DA1B9 /* TGViewController.m */,
				1CD2DBA7172DB7E000A3B7DE /* TGImageViewController.h */,
				1CD2DBA8172DB7E000A3B7DE /* TGImageViewController.m */,
				1CD2DBA9172DB7E000A3B7DE /* TGImageViewController.xib */,
				C88FB8F81754261F00B5B4AD /* TGSearchViewController.h */,
				C88FB8F91754261F00B5B4AD /* TGSearchViewController.m */,
				C88FB8FA1754261F00B5B4AD /* TGSearchViewController.xib */,
			);
			path = Controllers;
			sourceTree = "<group>";
		};
		C89229F416DD4686003B6A3C /* Views */ = {
			isa = PBXGroup;
			children = (
				E046FE8117027AED001636EB /* Games */,
				E0DA2C8017371AA6001953C0 /* TGRatingView.h */,
				E0DA2C8117371AA6001953C0 /* TGRatingView.m */,
			);
			path = Views;
			sourceTree = "<group>";
		};
		C89229F516DD4689003B6A3C /* Managers */ = {
			isa = PBXGroup;
			children = (
				C84FAD2B179B241E00C9D2B2 /* Social */,
				1C52A1CC16E41AFA0027979A /* TGUserManager.h */,
				1C52A1CD16E41AFA0027979A /* TGUserManager.m */,
				1C52A1D216E431F30027979A /* TGDataManager.h */,
				1C52A1D316E431F30027979A /* TGDataManager.m */,
				C83B1C0E16FF9C250078878C /* TGViewDataSource.h */,
				C83B1C0F16FF9C250078878C /* TGViewDataSource.m */,
			);
			path = Managers;
			sourceTree = "<group>";
		};
		C8AD3A3316FBB67D00A8CD79 /* DataModel */ = {
			isa = PBXGroup;
			children = (
				C8AD3A3416FBB6C400A8CD79 /* TGPlatformTests.h */,
				C8AD3A3516FBB6C400A8CD79 /* TGPlatformTests.m */,
				C8AD3A4416FC9E6000A8CD79 /* TGGameTests.h */,
				C8AD3A4516FC9E6000A8CD79 /* TGGameTests.m */,
				E046FE9117031406001636EB /* TGGameStashDatumTests.h */,
				E046FE9217031406001636EB /* TGGameStashDatumTests.m */,
			);
			path = DataModel;
			sourceTree = "<group>";
		};
		C8AD3A3A16FBBB6D00A8CD79 /* DataManager */ = {
			isa = PBXGroup;
			children = (
				C8AD3A3B16FBBBFA00A8CD79 /* TGUserMangerTests.h */,
				C8AD3A3C16FBBBFA00A8CD79 /* TGUserMangerTests.m */,
			);
			name = DataManager;
			path = DataManger;
			sourceTree = "<group>";
		};
		E02A80151736F7A600C45A0B /* DataSources */ = {
			isa = PBXGroup;
			children = (
				C84FAD3E179B250200C9D2B2 /* TGFriendsDataSource.h */,
				C84FAD3F179B250200C9D2B2 /* TGFriendsDataSource.m */,
				E02A80161736F7DD00C45A0B /* TGGameDataSource.h */,
				E02A80171736F7DD00C45A0B /* TGGameDataSource.m */,
				E02A80181736F7DD00C45A0B /* TGGamesDataSource.h */,
				E02A80191736F7DD00C45A0B /* TGGamesDataSource.m */,
				E02A801A1736F7DD00C45A0B /* TGPlatformDataSource.h */,
				E02A801B1736F7DD00C45A0B /* TGPlatformDataSource.m */,
				E02A801C1736F7DD00C45A0B /* TGPlatformsDataSource.h */,
				E02A801D1736F7DD00C45A0B /* TGPlatformsDataSource.m */,
				C88FB8FD1754271200B5B4AD /* TGSearchDataSource.h */,
				C88FB8FE1754271200B5B4AD /* TGSearchDataSource.m */,
			);
			path = DataSources;
			sourceTree = "<group>";
		};
		E046FE8117027AED001636EB /* Games */ = {
			isa = PBXGroup;
			children = (
				E046FE8217027B12001636EB /* TGGameTableViewCell.h */,
				E046FE8317027B12001636EB /* TGGameTableViewCell.m */,
				E046FE8517027BE2001636EB /* TGGameTableViewCell~iphone.xib */,
			);
			path = Games;
			sourceTree = "<group>";
		};
		E046FE8717027F95001636EB /* Resources */ = {
			isa = PBXGroup;
			children = (
			);
			path = Resources;
			sourceTree = "<group>";
		};
		E0DA2C85173725B9001953C0 /* Mediators */ = {
			isa = PBXGroup;
			children = (
				E0DA2C86173725DD001953C0 /* TGGameStashDatumMediator.h */,
				E0DA2C87173725DD001953C0 /* TGGameStashDatumMediator.m */,
			);
			path = Mediators;
			sourceTree = "<group>";
		};
		E0DAA5FD16D180420066C7D2 = {
			isa = PBXGroup;
			children = (
				C8E6A41D1772511C00F76560 /* Media.xcassets */,
				E0DAA60F16D180420066C7D2 /* iTrackGames */,
				E0DAA63616D180430066C7D2 /* iTrackGamesTests */,
				E0DAA60816D180420066C7D2 /* Frameworks */,
				E0DAA60716D180420066C7D2 /* Products */,
				86E86922B8094B7B87F618D1 /* Pods.xcconfig */,
			);
			sourceTree = "<group>";
		};
		E0DAA60716D180420066C7D2 /* Products */ = {
			isa = PBXGroup;
			children = (
				E0DAA60616D180420066C7D2 /* iTrackGames.app */,
				E0DAA62F16D180430066C7D2 /* iTrackGamesTests.octest */,
			);
			name = Products;
			sourceTree = "<group>";
		};
		E0DAA60816D180420066C7D2 /* Frameworks */ = {
			isa = PBXGroup;
			children = (
				C88FB90A1757D1B300B5B4AD /* Crashlytics.framework */,
				1CD1E6671724874600F9F893 /* QuartzCore.framework */,
				E0D97F0016FD27CF008ABE8A /* MobileCoreServices.framework */,
				E0D97EFE16FD27B4008ABE8A /* SystemConfiguration.framework */,
				C89229FE16DD485A003B6A3C /* libz.dylib */,
				E0DAA60916D180420066C7D2 /* UIKit.framework */,
				E0DAA60B16D180420066C7D2 /* Foundation.framework */,
				E0DAA60D16D180420066C7D2 /* CoreGraphics.framework */,
				E0DAA63016D180430066C7D2 /* SenTestingKit.framework */,
				71AF9A9C1D4C4D848FE30F72 /* libPods.a */,
			);
			name = Frameworks;
			sourceTree = "<group>";
		};
		E0DAA60F16D180420066C7D2 /* iTrackGames */ = {
			isa = PBXGroup;
			children = (
				E0DA2C85173725B9001953C0 /* Mediators */,
				E02A80151736F7A600C45A0B /* DataSources */,
				C854401E17079AB4003DA1B9 /* Factory */,
				E046FE8717027F95001636EB /* Resources */,
				C89229F516DD4689003B6A3C /* Managers */,
				C89229F416DD4686003B6A3C /* Views */,
				C89229F316DD467E003B6A3C /* Controllers */,
				1C29A37C16D18D20009524BE /* Models */,
				C89229F216DD4674003B6A3C /* ThirdParty */,
				E0DAA61816D180420066C7D2 /* TGAppDelegate.h */,
				E0DAA61916D180420066C7D2 /* TGAppDelegate.m */,
				E0D97EFD16FD1EEF008ABE8A /* TGConstants.h */,
				E0DAA61016D180420066C7D2 /* Supporting Files */,
			);
			path = iTrackGames;
			sourceTree = "<group>";
		};
		E0DAA61016D180420066C7D2 /* Supporting Files */ = {
			isa = PBXGroup;
			children = (
				E0DAA61116D180420066C7D2 /* iTrackGames-Info.plist */,
				E0DAA61216D180420066C7D2 /* InfoPlist.strings */,
				E0DAA61516D180420066C7D2 /* main.m */,
				E0DAA61716D180420066C7D2 /* iTrackGames-Prefix.pch */,
			);
			name = "Supporting Files";
			sourceTree = "<group>";
		};
		E0DAA63616D180430066C7D2 /* iTrackGamesTests */ = {
			isa = PBXGroup;
			children = (
				C83B1C1416FFA2140078878C /* DataSource */,
				C8AD3A3A16FBBB6D00A8CD79 /* DataManager */,
				C8AD3A3316FBB67D00A8CD79 /* DataModel */,
				E0DAA63716D180430066C7D2 /* Supporting Files */,
			);
			path = iTrackGamesTests;
			sourceTree = "<group>";
		};
		E0DAA63716D180430066C7D2 /* Supporting Files */ = {
			isa = PBXGroup;
			children = (
				E0DAA63816D180430066C7D2 /* iTrackGamesTests-Info.plist */,
				E0DAA63916D180430066C7D2 /* InfoPlist.strings */,
			);
			name = "Supporting Files";
			sourceTree = "<group>";
		};
/* End PBXGroup section */

/* Begin PBXNativeTarget section */
		E0DAA60516D180420066C7D2 /* iTrackGames */ = {
			isa = PBXNativeTarget;
			buildConfigurationList = E0DAA64116D180430066C7D2 /* Build configuration list for PBXNativeTarget "iTrackGames" */;
			buildPhases = (
				E0DAA60216D180420066C7D2 /* Sources */,
				E0DAA60316D180420066C7D2 /* Frameworks */,
				E0DAA60416D180420066C7D2 /* Resources */,
				A5D829948E794351B2013124 /* Copy Pods Resources */,
				E02A80141736F61300C45A0B /* ShellScript */,
				C88FB9091757D19700B5B4AD /* ShellScript */,
			);
			buildRules = (
			);
			dependencies = (
			);
			name = iTrackGames;
			productName = iTrackGames;
			productReference = E0DAA60616D180420066C7D2 /* iTrackGames.app */;
			productType = "com.apple.product-type.application";
		};
		E0DAA62E16D180430066C7D2 /* iTrackGamesTests */ = {
			isa = PBXNativeTarget;
			buildConfigurationList = E0DAA64416D180430066C7D2 /* Build configuration list for PBXNativeTarget "iTrackGamesTests" */;
			buildPhases = (
				E0DAA62A16D180430066C7D2 /* Sources */,
				E0DAA62B16D180430066C7D2 /* Frameworks */,
				E0DAA62C16D180430066C7D2 /* Resources */,
				E0DAA62D16D180430066C7D2 /* ShellScript */,
			);
			buildRules = (
			);
			dependencies = (
				E0DAA63516D180430066C7D2 /* PBXTargetDependency */,
			);
			name = iTrackGamesTests;
			productName = iTrackGamesTests;
			productReference = E0DAA62F16D180430066C7D2 /* iTrackGamesTests.octest */;
			productType = "com.apple.product-type.bundle";
		};
/* End PBXNativeTarget section */

/* Begin PBXProject section */
		E0DAA5FE16D180420066C7D2 /* Project object */ = {
			isa = PBXProject;
			attributes = {
				CLASSPREFIX = TG;
				LastUpgradeCheck = 0460;
				ORGANIZATIONNAME = "Amanda Chappell";
			};
			buildConfigurationList = E0DAA60116D180420066C7D2 /* Build configuration list for PBXProject "iTrackGames" */;
			compatibilityVersion = "Xcode 3.2";
			developmentRegion = English;
			hasScannedForEncodings = 0;
			knownRegions = (
				en,
			);
			mainGroup = E0DAA5FD16D180420066C7D2;
			productRefGroup = E0DAA60716D180420066C7D2 /* Products */;
			projectDirPath = "";
			projectRoot = "";
			targets = (
				E0DAA60516D180420066C7D2 /* iTrackGames */,
				E0DAA62E16D180430066C7D2 /* iTrackGamesTests */,
			);
		};
/* End PBXProject section */

/* Begin PBXResourcesBuildPhase section */
		E0DAA60416D180420066C7D2 /* Resources */ = {
			isa = PBXResourcesBuildPhase;
			buildActionMask = 2147483647;
			files = (
				E0DAA61416D180420066C7D2 /* InfoPlist.strings in Resources */,
				1C29A38C16D1A766009524BE /* TGGameTableViewController.xib in Resources */,
				1C8235BB16DAD32500843D6A /* TGGameViewController.xib in Resources */,
				1C52A1C716E40C7B0027979A /* TGLoginViewController.xib in Resources */,
				1C52A1CA16E40DC90027979A /* TGPlatformTableViewController~ipad.xib in Resources */,
				1C52A1CB16E40DC90027979A /* TGPlatformTableViewController~iphone.xib in Resources */,
				E046FE8617027BE2001636EB /* TGGameTableViewCell~iphone.xib in Resources */,
				C854401D17078E15003DA1B9 /* TGMenuViewController.xib in Resources */,
				C8E6A41E1772511C00F76560 /* Media.xcassets in Resources */,
				1CD1E6701724A4CF00F9F893 /* TGPlatformViewController.xib in Resources */,
				1CD2DBAB172DB7E000A3B7DE /* TGImageViewController.xib in Resources */,
				C84FAD3A179B246100C9D2B2 /* TGFriendsViewController.xib in Resources */,
				C88FB8FC1754261F00B5B4AD /* TGSearchViewController.xib in Resources */,
			);
			runOnlyForDeploymentPostprocessing = 0;
		};
		E0DAA62C16D180430066C7D2 /* Resources */ = {
			isa = PBXResourcesBuildPhase;
			buildActionMask = 2147483647;
			files = (
				E0DAA63B16D180430066C7D2 /* InfoPlist.strings in Resources */,
			);
			runOnlyForDeploymentPostprocessing = 0;
		};
/* End PBXResourcesBuildPhase section */

/* Begin PBXShellScriptBuildPhase section */
		A5D829948E794351B2013124 /* Copy Pods Resources */ = {
			isa = PBXShellScriptBuildPhase;
			buildActionMask = 2147483647;
			files = (
			);
			inputPaths = (
			);
			name = "Copy Pods Resources";
			outputPaths = (
			);
			runOnlyForDeploymentPostprocessing = 0;
			shellPath = /bin/sh;
			shellScript = "\"${SRCROOT}/Pods/Pods-resources.sh\"\n";
		};
		C88FB9091757D19700B5B4AD /* ShellScript */ = {
			isa = PBXShellScriptBuildPhase;
			buildActionMask = 2147483647;
			files = (
			);
			inputPaths = (
			);
			outputPaths = (
			);
			runOnlyForDeploymentPostprocessing = 0;
			shellPath = /bin/sh;
			shellScript = "./Crashlytics.framework/run 50b0f9977ba1eaf060cb5a1c57e5e932defa1b77";
		};
		E02A80141736F61300C45A0B /* ShellScript */ = {
			isa = PBXShellScriptBuildPhase;
			buildActionMask = 2147483647;
			files = (
			);
			inputPaths = (
			);
			outputPaths = (
			);
			runOnlyForDeploymentPostprocessing = 0;
			shellPath = /bin/sh;
			shellScript = XcodeCoverage/exportenv.sh;
		};
		E0DAA62D16D180430066C7D2 /* ShellScript */ = {
			isa = PBXShellScriptBuildPhase;
			buildActionMask = 2147483647;
			files = (
			);
			inputPaths = (
			);
			outputPaths = (
			);
			runOnlyForDeploymentPostprocessing = 0;
			shellPath = /bin/sh;
			shellScript = "# Run the unit tests in this test bundle.\n\"${SYSTEM_DEVELOPER_DIR}/Tools/RunUnitTests\"\n";
		};
/* End PBXShellScriptBuildPhase section */

/* Begin PBXSourcesBuildPhase section */
		E0DAA60216D180420066C7D2 /* Sources */ = {
			isa = PBXSourcesBuildPhase;
			buildActionMask = 2147483647;
			files = (
				E0DAA61616D180420066C7D2 /* main.m in Sources */,
				C84FAD40179B250200C9D2B2 /* TGFriendsDataSource.m in Sources */,
				E0DAA61A16D180420066C7D2 /* TGAppDelegate.m in Sources */,
				C84FAD3D179B24EF00C9D2B2 /* TGFriend.m in Sources */,
				E0DAA62316D180420066C7D2 /* TGPlatformTableViewController.m in Sources */,
				1C29A37F16D18D83009524BE /* TGPlatform.m in Sources */,
				1C29A38716D1A6F6009524BE /* TGGame.m in Sources */,
				C84FAD33179B244B00C9D2B2 /* TGSocialManager.m in Sources */,
				1C29A38B16D1A766009524BE /* TGGameTableViewController.m in Sources */,
				1C8235BA16DAD32500843D6A /* TGGameViewController.m in Sources */,
				1C52A1C616E40C7B0027979A /* TGLoginViewController.m in Sources */,
				C84FAD34179B244E00C9D2B2 /* TGSocialPlatform.m in Sources */,
				1C52A1CE16E41AFA0027979A /* TGUserManager.m in Sources */,
				1C52A1D116E41B130027979A /* TGUser.m in Sources */,
				1C52A1D416E431F30027979A /* TGDataManager.m in Sources */,
				C83B1C1016FF9C250078878C /* TGViewDataSource.m in Sources */,
				E046FE8417027B12001636EB /* TGGameTableViewCell.m in Sources */,
				E046FE8F170295B2001636EB /* TGGameStashDatum.m in Sources */,
				C854401C17078E15003DA1B9 /* TGMenuViewController.m in Sources */,
				C854402117079B6A003DA1B9 /* TGNavigationItemFactory.m in Sources */,
				C854402417079BB7003DA1B9 /* TGViewController.m in Sources */,
				1CD1E66B17248D8500F9F893 /* TGImage.m in Sources */,
				1CD1E66F1724A4CF00F9F893 /* TGPlatformViewController.m in Sources */,
				1CD2DBAA172DB7E000A3B7DE /* TGImageViewController.m in Sources */,
				E02A801E1736F7DD00C45A0B /* TGGameDataSource.m in Sources */,
				E02A801F1736F7DD00C45A0B /* TGGamesDataSource.m in Sources */,
				E02A80201736F7DD00C45A0B /* TGPlatformDataSource.m in Sources */,
				C84FAD39179B246100C9D2B2 /* TGFriendsViewController.m in Sources */,
				E02A80211736F7DD00C45A0B /* TGPlatformsDataSource.m in Sources */,
				E0DA2C8217371AA6001953C0 /* TGRatingView.m in Sources */,
				E0DA2C88173725DD001953C0 /* TGGameStashDatumMediator.m in Sources */,
				C88FB8FB1754261F00B5B4AD /* TGSearchViewController.m in Sources */,
				C84FAD32179B244800C9D2B2 /* TGFacebookPlatform.m in Sources */,
				C88FB8FF1754271200B5B4AD /* TGSearchDataSource.m in Sources */,
			);
			runOnlyForDeploymentPostprocessing = 0;
		};
		E0DAA62A16D180430066C7D2 /* Sources */ = {
			isa = PBXSourcesBuildPhase;
			buildActionMask = 2147483647;
			files = (
				C8AD3A3616FBB6C400A8CD79 /* TGPlatformTests.m in Sources */,
				C8AD3A3D16FBBBFA00A8CD79 /* TGUserMangerTests.m in Sources */,
				C8AD3A4616FC9E6000A8CD79 /* TGGameTests.m in Sources */,
				C83B1C1716FFA2390078878C /* TGPlatformDataSourceTests.m in Sources */,
				E046FE9317031406001636EB /* TGGameStashDatumTests.m in Sources */,
			);
			runOnlyForDeploymentPostprocessing = 0;
		};
/* End PBXSourcesBuildPhase section */

/* Begin PBXTargetDependency section */
		E0DAA63516D180430066C7D2 /* PBXTargetDependency */ = {
			isa = PBXTargetDependency;
			target = E0DAA60516D180420066C7D2 /* iTrackGames */;
			targetProxy = E0DAA63416D180430066C7D2 /* PBXContainerItemProxy */;
		};
/* End PBXTargetDependency section */

/* Begin PBXVariantGroup section */
		E0DAA61216D180420066C7D2 /* InfoPlist.strings */ = {
			isa = PBXVariantGroup;
			children = (
				E0DAA61316D180420066C7D2 /* en */,
			);
			name = InfoPlist.strings;
			sourceTree = "<group>";
		};
		E0DAA63916D180430066C7D2 /* InfoPlist.strings */ = {
			isa = PBXVariantGroup;
			children = (
				E0DAA63A16D180430066C7D2 /* en */,
			);
			name = InfoPlist.strings;
			sourceTree = "<group>";
		};
/* End PBXVariantGroup section */

/* Begin XCBuildConfiguration section */
		E0DAA63F16D180430066C7D2 /* Debug */ = {
			isa = XCBuildConfiguration;
			buildSettings = {
				ALWAYS_SEARCH_USER_PATHS = NO;
				CLANG_CXX_LANGUAGE_STANDARD = "gnu++0x";
				CLANG_CXX_LIBRARY = "libc++";
				CLANG_ENABLE_OBJC_ARC = YES;
				CLANG_WARN_CONSTANT_CONVERSION = YES;
				CLANG_WARN_EMPTY_BODY = YES;
				CLANG_WARN_ENUM_CONVERSION = YES;
				CLANG_WARN_INT_CONVERSION = YES;
				CLANG_WARN__DUPLICATE_METHOD_MATCH = YES;
				"CODE_SIGN_IDENTITY[sdk=iphoneos*]" = "iPhone Developer";
				COPY_PHASE_STRIP = NO;
				GCC_C_LANGUAGE_STANDARD = gnu99;
				GCC_DYNAMIC_NO_PIC = NO;
				GCC_GENERATE_TEST_COVERAGE_FILES = YES;
				GCC_INSTRUMENT_PROGRAM_FLOW_ARCS = YES;
				GCC_OPTIMIZATION_LEVEL = 0;
				GCC_PREPROCESSOR_DEFINITIONS = (
					"DEBUG=1",
					"$(inherited)",
				);
				GCC_SYMBOLS_PRIVATE_EXTERN = NO;
				GCC_WARN_ABOUT_RETURN_TYPE = YES;
				GCC_WARN_UNINITIALIZED_AUTOS = YES;
				GCC_WARN_UNUSED_VARIABLE = YES;
				IPHONEOS_DEPLOYMENT_TARGET = 7.0;
				ONLY_ACTIVE_ARCH = YES;
				OTHER_CFLAGS = (
					"-ftest-coverage",
					"-fprofile-arcs",
				);
				SDKROOT = iphoneos;
				TARGETED_DEVICE_FAMILY = "1,2";
			};
			name = Debug;
		};
		E0DAA64016D180430066C7D2 /* Release */ = {
			isa = XCBuildConfiguration;
			buildSettings = {
				ALWAYS_SEARCH_USER_PATHS = NO;
				CLANG_CXX_LANGUAGE_STANDARD = "gnu++0x";
				CLANG_CXX_LIBRARY = "libc++";
				CLANG_ENABLE_OBJC_ARC = YES;
				CLANG_WARN_CONSTANT_CONVERSION = YES;
				CLANG_WARN_EMPTY_BODY = YES;
				CLANG_WARN_ENUM_CONVERSION = YES;
				CLANG_WARN_INT_CONVERSION = YES;
				CLANG_WARN__DUPLICATE_METHOD_MATCH = YES;
				"CODE_SIGN_IDENTITY[sdk=iphoneos*]" = "iPhone Developer";
				COPY_PHASE_STRIP = YES;
				GCC_C_LANGUAGE_STANDARD = gnu99;
				GCC_WARN_ABOUT_RETURN_TYPE = YES;
				GCC_WARN_UNINITIALIZED_AUTOS = YES;
				GCC_WARN_UNUSED_VARIABLE = YES;
				IPHONEOS_DEPLOYMENT_TARGET = 7.0;
				OTHER_CFLAGS = "-DNS_BLOCK_ASSERTIONS=1";
				SDKROOT = iphoneos;
				TARGETED_DEVICE_FAMILY = "1,2";
				VALIDATE_PRODUCT = YES;
			};
			name = Release;
		};
		E0DAA64216D180430066C7D2 /* Debug */ = {
			isa = XCBuildConfiguration;
			baseConfigurationReference = 86E86922B8094B7B87F618D1 /* Pods.xcconfig */;
			buildSettings = {
				ASSETCATALOG_COMPILER_APPICON_NAME = AppIcon;
				ASSETCATALOG_COMPILER_LAUNCHIMAGE_NAME = LaunchImage;
				CODE_SIGN_IDENTITY = "iPhone Developer";
				"CODE_SIGN_IDENTITY[sdk=iphoneos*]" = "iPhone Developer";
				FRAMEWORK_SEARCH_PATHS = (
					"$(inherited)",
					"\"$(SRCROOT)\"",
				);
				GCC_PRECOMPILE_PREFIX_HEADER = YES;
				GCC_PREFIX_HEADER = "iTrackGames/iTrackGames-Prefix.pch";
				INFOPLIST_FILE = "iTrackGames/iTrackGames-Info.plist";
				IPHONEOS_DEPLOYMENT_TARGET = 6.1;
				LIBRARY_SEARCH_PATHS = "$(inherited)";
				PRODUCT_NAME = "$(TARGET_NAME)";
				PROVISIONING_PROFILE = "";
				"PROVISIONING_PROFILE[sdk=iphoneos*]" = "";
				TARGETED_DEVICE_FAMILY = 1;
				WRAPPER_EXTENSION = app;
			};
			name = Debug;
		};
		E0DAA64316D180430066C7D2 /* Release */ = {
			isa = XCBuildConfiguration;
			baseConfigurationReference = 86E86922B8094B7B87F618D1 /* Pods.xcconfig */;
			buildSettings = {
				ASSETCATALOG_COMPILER_APPICON_NAME = AppIcon;
				ASSETCATALOG_COMPILER_LAUNCHIMAGE_NAME = LaunchImage;
				CODE_SIGN_IDENTITY = "iPhone Distribution";
				"CODE_SIGN_IDENTITY[sdk=iphoneos*]" = "iPhone Distribution";
				COPY_PHASE_STRIP = NO;
				FRAMEWORK_SEARCH_PATHS = (
					"$(inherited)",
					"\"$(SRCROOT)\"",
				);
				GCC_PRECOMPILE_PREFIX_HEADER = YES;
				GCC_PREFIX_HEADER = "iTrackGames/iTrackGames-Prefix.pch";
				INFOPLIST_FILE = "iTrackGames/iTrackGames-Info.plist";
				IPHONEOS_DEPLOYMENT_TARGET = 6.1;
				LIBRARY_SEARCH_PATHS = "$(inherited)";
				PRODUCT_NAME = "$(TARGET_NAME)";
				PROVISIONING_PROFILE = "";
				"PROVISIONING_PROFILE[sdk=iphoneos*]" = "";
				TARGETED_DEVICE_FAMILY = 1;
				WRAPPER_EXTENSION = app;
			};
			name = Release;
		};
		E0DAA64516D180430066C7D2 /* Debug */ = {
			isa = XCBuildConfiguration;
			buildSettings = {
				BUNDLE_LOADER = "$(BUILT_PRODUCTS_DIR)/iTrackGames.app/iTrackGames";
				FRAMEWORK_SEARCH_PATHS = (
					"\"$(SDKROOT)/Developer/Library/Frameworks\"",
					"\"$(DEVELOPER_LIBRARY_DIR)/Frameworks\"",
				);
				GCC_PRECOMPILE_PREFIX_HEADER = YES;
				GCC_PREFIX_HEADER = "iTrackGames/iTrackGames-Prefix.pch";
				HEADER_SEARCH_PATHS = "${PODS_HEADERS_SEARCH_PATHS}";
				INFOPLIST_FILE = "iTrackGamesTests/iTrackGamesTests-Info.plist";
				PODS_BUILD_HEADERS_SEARCH_PATHS = "\"${PODS_ROOT}/BuildHeaders\" \"${PODS_ROOT}/BuildHeaders/AFNetworking\" \"${PODS_ROOT}/BuildHeaders/OCMock\" \"${PODS_ROOT}/BuildHeaders/RestKit\" \"${PODS_ROOT}/BuildHeaders/RestKit/RestKit\" \"${PODS_ROOT}/BuildHeaders/RestKit/RestKit/Network\" \"${PODS_ROOT}/BuildHeaders/RestKit/RestKit/Support\" \"${PODS_ROOT}/BuildHeaders/RestKit/RestKit/CoreData\" \"${PODS_ROOT}/BuildHeaders/RestKit/RestKit/ObjectMapping\" \"${PODS_ROOT}/BuildHeaders/SOCKit\"";
				PODS_HEADERS_SEARCH_PATHS = "${PODS_PUBLIC_HEADERS_SEARCH_PATHS}";
				PODS_PUBLIC_HEADERS_SEARCH_PATHS = "\"${PODS_ROOT}/Headers\" \"${PODS_ROOT}/Headers/AFNetworking\" \"${PODS_ROOT}/Headers/OCMock\" \"${PODS_ROOT}/Headers/RestKit\" \"${PODS_ROOT}/Headers/RestKit/RestKit\" \"${PODS_ROOT}/Headers/RestKit/RestKit/CoreData\" \"${PODS_ROOT}/Headers/RestKit/RestKit/Network\" \"${PODS_ROOT}/Headers/RestKit/RestKit/ObjectMapping\" \"${PODS_ROOT}/Headers/RestKit/RestKit/Support\" \"${PODS_ROOT}/Headers/SOCKit\"";
				PODS_ROOT = "${SRCROOT}/Pods";
				PRODUCT_NAME = "$(TARGET_NAME)";
				TEST_HOST = "$(BUNDLE_LOADER)";
				WRAPPER_EXTENSION = octest;
			};
			name = Debug;
		};
		E0DAA64616D180430066C7D2 /* Release */ = {
			isa = XCBuildConfiguration;
			buildSettings = {
				BUNDLE_LOADER = "$(BUILT_PRODUCTS_DIR)/iTrackGames.app/iTrackGames";
				FRAMEWORK_SEARCH_PATHS = (
					"\"$(SDKROOT)/Developer/Library/Frameworks\"",
					"\"$(DEVELOPER_LIBRARY_DIR)/Frameworks\"",
				);
				GCC_PRECOMPILE_PREFIX_HEADER = YES;
				GCC_PREFIX_HEADER = "iTrackGames/iTrackGames-Prefix.pch";
				HEADER_SEARCH_PATHS = "${PODS_HEADERS_SEARCH_PATHS}";
				INFOPLIST_FILE = "iTrackGamesTests/iTrackGamesTests-Info.plist";
				PODS_BUILD_HEADERS_SEARCH_PATHS = "\"${PODS_ROOT}/BuildHeaders\" \"${PODS_ROOT}/BuildHeaders/AFNetworking\" \"${PODS_ROOT}/BuildHeaders/OCMock\" \"${PODS_ROOT}/BuildHeaders/RestKit\" \"${PODS_ROOT}/BuildHeaders/RestKit/RestKit\" \"${PODS_ROOT}/BuildHeaders/RestKit/RestKit/Network\" \"${PODS_ROOT}/BuildHeaders/RestKit/RestKit/Support\" \"${PODS_ROOT}/BuildHeaders/RestKit/RestKit/CoreData\" \"${PODS_ROOT}/BuildHeaders/RestKit/RestKit/ObjectMapping\" \"${PODS_ROOT}/BuildHeaders/SOCKit\"";
				PODS_HEADERS_SEARCH_PATHS = "${PODS_PUBLIC_HEADERS_SEARCH_PATHS}";
				PODS_PUBLIC_HEADERS_SEARCH_PATHS = "\"${PODS_ROOT}/Headers\" \"${PODS_ROOT}/Headers/AFNetworking\" \"${PODS_ROOT}/Headers/OCMock\" \"${PODS_ROOT}/Headers/RestKit\" \"${PODS_ROOT}/Headers/RestKit/RestKit\" \"${PODS_ROOT}/Headers/RestKit/RestKit/CoreData\" \"${PODS_ROOT}/Headers/RestKit/RestKit/Network\" \"${PODS_ROOT}/Headers/RestKit/RestKit/ObjectMapping\" \"${PODS_ROOT}/Headers/RestKit/RestKit/Support\" \"${PODS_ROOT}/Headers/SOCKit\"";
				PODS_ROOT = "${SRCROOT}/Pods";
				PRODUCT_NAME = "$(TARGET_NAME)";
				TEST_HOST = "$(BUNDLE_LOADER)";
				WRAPPER_EXTENSION = octest;
			};
			name = Release;
		};
/* End XCBuildConfiguration section */

/* Begin XCConfigurationList section */
		E0DAA60116D180420066C7D2 /* Build configuration list for PBXProject "iTrackGames" */ = {
			isa = XCConfigurationList;
			buildConfigurations = (
				E0DAA63F16D180430066C7D2 /* Debug */,
				E0DAA64016D180430066C7D2 /* Release */,
			);
			defaultConfigurationIsVisible = 0;
			defaultConfigurationName = Release;
		};
		E0DAA64116D180430066C7D2 /* Build configuration list for PBXNativeTarget "iTrackGames" */ = {
			isa = XCConfigurationList;
			buildConfigurations = (
				E0DAA64216D180430066C7D2 /* Debug */,
				E0DAA64316D180430066C7D2 /* Release */,
			);
			defaultConfigurationIsVisible = 0;
			defaultConfigurationName = Release;
		};
		E0DAA64416D180430066C7D2 /* Build configuration list for PBXNativeTarget "iTrackGamesTests" */ = {
			isa = XCConfigurationList;
			buildConfigurations = (
				E0DAA64516D180430066C7D2 /* Debug */,
				E0DAA64616D180430066C7D2 /* Release */,
			);
			defaultConfigurationIsVisible = 0;
			defaultConfigurationName = Release;
		};
/* End XCConfigurationList section */
	};
	rootObject = E0DAA5FE16D180420066C7D2 /* Project object */;
}
